
Microsoft Visual Studio Solution File, Format Version 12.00
# Visual Studio 15
VisualStudioVersion = 15.0.27703.2047
MinimumVisualStudioVersion = 10.0.40219.1
Project("{00D1A9C2-B5F0-4AF3-8072-F6C62B433612}") = "doop", "doop\doop.sqlproj", "{A3EA82C3-E0F8-40CC-BCF3-5115EA3ADE29}"
EndProject
Global
	GlobalSection(SolutionConfigurationPlatforms) = preSolution
		Debug|Any CPU = Debug|Any CPU
		Release|Any CPU = Release|Any CPU
	EndGlobalSection
	GlobalSection(ProjectConfigurationPlatforms) = postSolution
		{A3EA82C3-E0F8-40CC-BCF3-5115EA3ADE29}.Debug|Any CPU.ActiveCfg = Debug|Any CPU
		{A3EA82C3-E0F8-40CC-BCF3-5115EA3ADE29}.Debug|Any CPU.Build.0 = Debug|Any CPU
		{A3EA82C3-E0F8-40CC-BCF3-5115EA3ADE29}.Debug|Any CPU.Deploy.0 = Debug|Any CPU
		{A3EA82C3-E0F8-40CC-BCF3-5115EA3ADE29}.Release|Any CPU.ActiveCfg = Release|Any CPU
		{A3EA82C3-E0F8-40CC-BCF3-5115EA3ADE29}.Release|Any CPU.Build.0 = Release|Any CPU
		{A3EA82C3-E0F8-40CC-BCF3-5115EA3ADE29}.Release|Any CPU.Deploy.0 = Release|Any CPU
	EndGlobalSection
	GlobalSection(SolutionProperties) = preSolution
		HideSolutionNode = FALSE
	EndGlobalSection
	GlobalSection(ExtensibilityGlobals) = postSolution
		SolutionGuid = {1898336B-DD45-4FE0-BA0E-136A9483EA05}
	EndGlobalSection
EndGlobal
